
Microsoft Visual Studio Solution File, Format Version 12.00
# Visual Studio Version 17
VisualStudioVersion = 17.14.37314.3 d17.14
MinimumVisualStudioVersion = 10.0.40219.1
Project("{FAE04EC0-301F-11D3-BF4B-00C04F79EFBC}") = "İlacTakipSistemi", "İlacTakipSistemi\İlacTakipSistemi.csproj", "{ADAA4E21-74D8-42B7-82CF-1C2F663B4B13}"
EndProject
Global
	GlobalSection(SolutionConfigurationPlatforms) = preSolution
		Debug|Any CPU = Debug|Any CPU
		Release|Any CPU = Release|Any CPU
	EndGlobalSection
	GlobalSection(ProjectConfigurationPlatforms) = postSolution
		{ADAA4E21-74D8-42B7-82CF-1C2F663B4B13}.Debug|Any CPU.ActiveCfg = Debug|Any CPU
		{ADAA4E21-74D8-42B7-82CF-1C2F663B4B13}.Debug|Any CPU.Build.0 = Debug|Any CPU
		{ADAA4E21-74D8-42B7-82CF-1C2F663B4B13}.Release|Any CPU.ActiveCfg = Release|Any CPU
		{ADAA4E21-74D8-42B7-82CF-1C2F663B4B13}.Release|Any CPU.Build.0 = Release|Any CPU
	EndGlobalSection
	GlobalSection(SolutionProperties) = preSolution
		HideSolutionNode = FALSE
	EndGlobalSection
	GlobalSection(ExtensibilityGlobals) = postSolution
		SolutionGuid = {CB8E1EA9-FD5E-4010-AAD6-A522FDF1AA6A}
	EndGlobalSection
EndGlobal
